
Microsoft Visual Studio Solution File, Format Version 12.00
# Visual Studio 14
VisualStudioVersion = 14.0.25420.1
MinimumVisualStudioVersion = 10.0.40219.1
Project("{FAE04EC0-301F-11D3-BF4B-00C04F79EFBC}") = "CSharpLibrary", "CSharpLibrary\CSharpLibrary.csproj", "{39C10407-317C-4820-9BD9-163367411F79}"
EndProject
Project("{FAE04EC0-301F-11D3-BF4B-00C04F79EFBC}") = "BasicTypes", "BasicTypes\BasicTypes.csproj", "{5BE6F7C4-B133-4F18-AE71-3BAC2E234E0D}"
EndProject
Project("{FAE04EC0-301F-11D3-BF4B-00C04F79EFBC}") = "IntegerDemo", "IntegerDemo\IntegerDemo.csproj", "{22815A2E-5A3A-47D2-A48C-C0CF82E4B1DD}"
EndProject
Project("{FAE04EC0-301F-11D3-BF4B-00C04F79EFBC}") = "EnumDemo", "EnumDemo\EnumDemo.csproj", "{41D2E11B-1CAA-41D4-9E0B-FCCEEB1D2348}"
EndProject
Project("{FAE04EC0-301F-11D3-BF4B-00C04F79EFBC}") = "Classes", "Classes\Classes.csproj", "{F2189E84-7860-45A0-ACA0-2A49B80822EC}"
EndProject
Project("{FAE04EC0-301F-11D3-BF4B-00C04F79EFBC}") = "Classes_ConstructorDemo", "ConstructorDemo\Classes_ConstructorDemo.csproj", "{CCB966B6-9D12-4A66-B49A-4B404782856D}"
EndProject
Project("{FAE04EC0-301F-11D3-BF4B-00C04F79EFBC}") = "Classes_Constructors_Demo2", "Classes_Constructors_Demo2\Classes_Constructors_Demo2.csproj", "{DFA47345-3500-4DDF-B445-B242C5854C67}"
EndProject
Project("{FAE04EC0-301F-11D3-BF4B-00C04F79EFBC}") = "Classes_Demo2", "Classes_Demo2\Classes_Demo2.csproj", "{C9402F32-0563-4194-97E1-29942BE76922}"
EndProject
Project("{FAE04EC0-301F-11D3-BF4B-00C04F79EFBC}") = "Classes_Overloading", "Classes_Overloading\Classes_Overloading.csproj", "{CD452220-FFF5-424A-A3B1-B76ECB2F4AAF}"
EndProject
Project("{FAE04EC0-301F-11D3-BF4B-00C04F79EFBC}") = "Conditionals", "Conditionals\Conditionals.csproj", "{5B22C548-35E0-4D29-A92E-C71C0D3E6A7B}"
EndProject
Project("{FAE04EC0-301F-11D3-BF4B-00C04F79EFBC}") = "ForEachLoops", "ForEachLoops\ForEachLoops.csproj", "{0C0BC2E8-C2CB-4A2A-8BD7-A34BD67D7F88}"
EndProject
Project("{FAE04EC0-301F-11D3-BF4B-00C04F79EFBC}") = "Inheritance", "Inheritance\Inheritance.csproj", "{D6D07AEC-E399-49F1-86E2-F09A5AC1B015}"
EndProject
Project("{FAE04EC0-301F-11D3-BF4B-00C04F79EFBC}") = "Inheritance2", "Inheritance2\Inheritance2.csproj", "{054A3723-F0C3-4257-82C2-72303D97017D}"
EndProject
Project("{FAE04EC0-301F-11D3-BF4B-00C04F79EFBC}") = "CollectionsDemo", "CollectionsDemo\CollectionsDemo.csproj", "{ED10A196-8ED7-424B-8AB5-48F2A29EC701}"
EndProject
Project("{FAE04EC0-301F-11D3-BF4B-00C04F79EFBC}") = "ForLoop", "ForLoop\ForLoop.csproj", "{C835726D-E29D-4DC9-835F-33CA0DA053CD}"
EndProject
Project("{FAE04EC0-301F-11D3-BF4B-00C04F79EFBC}") = "CSharpTutorialKudvenkat", "CSharpTutorialKudvenkat\CSharpTutorialKudvenkat.csproj", "{0CCD8E1E-EDC3-46AE-8DA6-6350531B8FCE}"
EndProject
Project("{FAE04EC0-301F-11D3-BF4B-00C04F79EFBC}") = "ReverseString", "ReverseString\ReverseString.csproj", "{D69A2A1E-DAC4-456C-BF00-338F3BA25DF0}"
EndProject
Project("{FAE04EC0-301F-11D3-BF4B-00C04F79EFBC}") = "Functions2.cs", "Functions2.cs\Functions2.cs.csproj", "{3523FD98-C2F8-4852-ADFF-62CEE77223CF}"
EndProject
Project("{FAE04EC0-301F-11D3-BF4B-00C04F79EFBC}") = "ObjectLifetime", "ObjectLifetime\ObjectLifetime.csproj", "{05908A08-CF65-472F-B82F-F7BD8CC31B90}"
EndProject
Project("{FAE04EC0-301F-11D3-BF4B-00C04F79EFBC}") = "DictionaryPractice", "DictionaryPractice\DictionaryPractice.csproj", "{3429010A-818C-4A3F-A7CA-D3CA3CCCF0BB}"
EndProject
Project("{FAE04EC0-301F-11D3-BF4B-00C04F79EFBC}") = "StringPractice", "StringPractice\StringPractice.csproj", "{EBEAC5A0-ED3E-409B-8273-1A3586B69AF7}"
EndProject
Project("{FAE04EC0-301F-11D3-BF4B-00C04F79EFBC}") = "IfStatements", "IfStatements\IfStatements.csproj", "{7A8C77F1-9158-4F52-95DB-F4635BF67388}"
EndProject
Project("{FAE04EC0-301F-11D3-BF4B-00C04F79EFBC}") = "WhileLoop", "WhileLoop\WhileLoop.csproj", "{3813CB67-86D6-4571-9A77-C835266770CC}"
EndProject
Project("{FAE04EC0-301F-11D3-BF4B-00C04F79EFBC}") = "Decisions", "Decisions\Decisions.csproj", "{6DF5391F-E58F-408D-8EFF-67F365EA1A3C}"
EndProject
Project("{FAE04EC0-301F-11D3-BF4B-00C04F79EFBC}") = "Methods", "Methods\Methods.csproj", "{58D1FD27-5004-4814-971E-412387F11AC5}"
EndProject
Project("{FAE04EC0-301F-11D3-BF4B-00C04F79EFBC}") = "OperatorsExpressionsStatements", "OperatorsExpressionsStatements\OperatorsExpressionsStatements.csproj", "{10868F56-E7D8-4AE7-B848-A7CE79FC32D8}"
EndProject
Project("{FAE04EC0-301F-11D3-BF4B-00C04F79EFBC}") = "MoreStringPractice", "MoreStringPractice\MoreStringPractice.csproj", "{6584C2F4-4463-4733-838C-C239FF7228A9}"
EndProject
Project("{FAE04EC0-301F-11D3-BF4B-00C04F79EFBC}") = "Arrays", "Arrays\Arrays.csproj", "{DE39682D-13D8-49E4-9E8C-B9FC0C10C71C}"
EndProject
Project("{FAE04EC0-301F-11D3-BF4B-00C04F79EFBC}") = "Strings", "Strings\Strings.csproj", "{0A98224B-B20D-46B3-A5E4-2BBDA769BDC8}"
EndProject
Project("{FAE04EC0-301F-11D3-BF4B-00C04F79EFBC}") = "HelperMethods", "HelperMethods\HelperMethods.csproj", "{E5B82F0A-5716-4282-A4ED-88E28744C99C}"
EndProject
Project("{FAE04EC0-301F-11D3-BF4B-00C04F79EFBC}") = "DatesAndTimes", "DatesAndTimes\DatesAndTimes.csproj", "{23D7116F-43ED-478F-9FC6-BC2642D2762A}"
EndProject
Global
	GlobalSection(SolutionConfigurationPlatforms) = preSolution
		Debug|Any CPU = Debug|Any CPU
		Release|Any CPU = Release|Any CPU
	EndGlobalSection
	GlobalSection(ProjectConfigurationPlatforms) = postSolution
		{39C10407-317C-4820-9BD9-163367411F79}.Debug|Any CPU.ActiveCfg = Debug|Any CPU
		{39C10407-317C-4820-9BD9-163367411F79}.Debug|Any CPU.Build.0 = Debug|Any CPU
		{39C10407-317C-4820-9BD9-163367411F79}.Release|Any CPU.ActiveCfg = Release|Any CPU
		{39C10407-317C-4820-9BD9-163367411F79}.Release|Any CPU.Build.0 = Release|Any CPU
		{5BE6F7C4-B133-4F18-AE71-3BAC2E234E0D}.Debug|Any CPU.ActiveCfg = Debug|Any CPU
		{5BE6F7C4-B133-4F18-AE71-3BAC2E234E0D}.Debug|Any CPU.Build.0 = Debug|Any CPU
		{5BE6F7C4-B133-4F18-AE71-3BAC2E234E0D}.Release|Any CPU.ActiveCfg = Release|Any CPU
		{5BE6F7C4-B133-4F18-AE71-3BAC2E234E0D}.Release|Any CPU.Build.0 = Release|Any CPU
		{22815A2E-5A3A-47D2-A48C-C0CF82E4B1DD}.Debug|Any CPU.ActiveCfg = Debug|Any CPU
		{22815A2E-5A3A-47D2-A48C-C0CF82E4B1DD}.Debug|Any CPU.Build.0 = Debug|Any CPU
		{22815A2E-5A3A-47D2-A48C-C0CF82E4B1DD}.Release|Any CPU.ActiveCfg = Release|Any CPU
		{22815A2E-5A3A-47D2-A48C-C0CF82E4B1DD}.Release|Any CPU.Build.0 = Release|Any CPU
		{41D2E11B-1CAA-41D4-9E0B-FCCEEB1D2348}.Debug|Any CPU.ActiveCfg = Debug|Any CPU
		{41D2E11B-1CAA-41D4-9E0B-FCCEEB1D2348}.Debug|Any CPU.Build.0 = Debug|Any CPU
		{41D2E11B-1CAA-41D4-9E0B-FCCEEB1D2348}.Release|Any CPU.ActiveCfg = Release|Any CPU
		{41D2E11B-1CAA-41D4-9E0B-FCCEEB1D2348}.Release|Any CPU.Build.0 = Release|Any CPU
		{F2189E84-7860-45A0-ACA0-2A49B80822EC}.Debug|Any CPU.ActiveCfg = Debug|Any CPU
		{F2189E84-7860-45A0-ACA0-2A49B80822EC}.Debug|Any CPU.Build.0 = Debug|Any CPU
		{F2189E84-7860-45A0-ACA0-2A49B80822EC}.Release|Any CPU.ActiveCfg = Release|Any CPU
		{F2189E84-7860-45A0-ACA0-2A49B80822EC}.Release|Any CPU.Build.0 = Release|Any CPU
		{CCB966B6-9D12-4A66-B49A-4B404782856D}.Debug|Any CPU.ActiveCfg = Debug|Any CPU
		{CCB966B6-9D12-4A66-B49A-4B404782856D}.Debug|Any CPU.Build.0 = Debug|Any CPU
		{CCB966B6-9D12-4A66-B49A-4B404782856D}.Release|Any CPU.ActiveCfg = Release|Any CPU
		{CCB966B6-9D12-4A66-B49A-4B404782856D}.Release|Any CPU.Build.0 = Release|Any CPU
		{DFA47345-3500-4DDF-B445-B242C5854C67}.Debug|Any CPU.ActiveCfg = Debug|Any CPU
		{DFA47345-3500-4DDF-B445-B242C5854C67}.Debug|Any CPU.Build.0 = Debug|Any CPU
		{DFA47345-3500-4DDF-B445-B242C5854C67}.Release|Any CPU.ActiveCfg = Release|Any CPU
		{DFA47345-3500-4DDF-B445-B242C5854C67}.Release|Any CPU.Build.0 = Release|Any CPU
		{C9402F32-0563-4194-97E1-29942BE76922}.Debug|Any CPU.ActiveCfg = Debug|Any CPU
		{C9402F32-0563-4194-97E1-29942BE76922}.Debug|Any CPU.Build.0 = Debug|Any CPU
		{C9402F32-0563-4194-97E1-29942BE76922}.Release|Any CPU.ActiveCfg = Release|Any CPU
		{C9402F32-0563-4194-97E1-29942BE76922}.Release|Any CPU.Build.0 = Release|Any CPU
		{CD452220-FFF5-424A-A3B1-B76ECB2F4AAF}.Debug|Any CPU.ActiveCfg = Debug|Any CPU
		{CD452220-FFF5-424A-A3B1-B76ECB2F4AAF}.Debug|Any CPU.Build.0 = Debug|Any CPU
		{CD452220-FFF5-424A-A3B1-B76ECB2F4AAF}.Release|Any CPU.ActiveCfg = Release|Any CPU
		{CD452220-FFF5-424A-A3B1-B76ECB2F4AAF}.Release|Any CPU.Build.0 = Release|Any CPU
		{5B22C548-35E0-4D29-A92E-C71C0D3E6A7B}.Debug|Any CPU.ActiveCfg = Debug|Any CPU
		{5B22C548-35E0-4D29-A92E-C71C0D3E6A7B}.Debug|Any CPU.Build.0 = Debug|Any CPU
		{5B22C548-35E0-4D29-A92E-C71C0D3E6A7B}.Release|Any CPU.ActiveCfg = Release|Any CPU
		{5B22C548-35E0-4D29-A92E-C71C0D3E6A7B}.Release|Any CPU.Build.0 = Release|Any CPU
		{0C0BC2E8-C2CB-4A2A-8BD7-A34BD67D7F88}.Debug|Any CPU.ActiveCfg = Debug|Any CPU
		{0C0BC2E8-C2CB-4A2A-8BD7-A34BD67D7F88}.Debug|Any CPU.Build.0 = Debug|Any CPU
		{0C0BC2E8-C2CB-4A2A-8BD7-A34BD67D7F88}.Release|Any CPU.ActiveCfg = Release|Any CPU
		{0C0BC2E8-C2CB-4A2A-8BD7-A34BD67D7F88}.Release|Any CPU.Build.0 = Release|Any CPU
		{D6D07AEC-E399-49F1-86E2-F09A5AC1B015}.Debug|Any CPU.ActiveCfg = Debug|Any CPU
		{D6D07AEC-E399-49F1-86E2-F09A5AC1B015}.Debug|Any CPU.Build.0 = Debug|Any CPU
		{D6D07AEC-E399-49F1-86E2-F09A5AC1B015}.Release|Any CPU.ActiveCfg = Release|Any CPU
		{D6D07AEC-E399-49F1-86E2-F09A5AC1B015}.Release|Any CPU.Build.0 = Release|Any CPU
		{054A3723-F0C3-4257-82C2-72303D97017D}.Debug|Any CPU.ActiveCfg = Debug|Any CPU
		{054A3723-F0C3-4257-82C2-72303D97017D}.Debug|Any CPU.Build.0 = Debug|Any CPU
		{054A3723-F0C3-4257-82C2-72303D97017D}.Release|Any CPU.ActiveCfg = Release|Any CPU
		{054A3723-F0C3-4257-82C2-72303D97017D}.Release|Any CPU.Build.0 = Release|Any CPU
		{ED10A196-8ED7-424B-8AB5-48F2A29EC701}.Debug|Any CPU.ActiveCfg = Debug|Any CPU
		{ED10A196-8ED7-424B-8AB5-48F2A29EC701}.Debug|Any CPU.Build.0 = Debug|Any CPU
		{ED10A196-8ED7-424B-8AB5-48F2A29EC701}.Release|Any CPU.ActiveCfg = Release|Any CPU
		{ED10A196-8ED7-424B-8AB5-48F2A29EC701}.Release|Any CPU.Build.0 = Release|Any CPU
		{C835726D-E29D-4DC9-835F-33CA0DA053CD}.Debug|Any CPU.ActiveCfg = Debug|Any CPU
		{C835726D-E29D-4DC9-835F-33CA0DA053CD}.Debug|Any CPU.Build.0 = Debug|Any CPU
		{C835726D-E29D-4DC9-835F-33CA0DA053CD}.Release|Any CPU.ActiveCfg = Release|Any CPU
		{C835726D-E29D-4DC9-835F-33CA0DA053CD}.Release|Any CPU.Build.0 = Release|Any CPU
		{0CCD8E1E-EDC3-46AE-8DA6-6350531B8FCE}.Debug|Any CPU.ActiveCfg = Debug|Any CPU
		{0CCD8E1E-EDC3-46AE-8DA6-6350531B8FCE}.Debug|Any CPU.Build.0 = Debug|Any CPU
		{0CCD8E1E-EDC3-46AE-8DA6-6350531B8FCE}.Release|Any CPU.ActiveCfg = Release|Any CPU
		{0CCD8E1E-EDC3-46AE-8DA6-6350531B8FCE}.Release|Any CPU.Build.0 = Release|Any CPU
		{D69A2A1E-DAC4-456C-BF00-338F3BA25DF0}.Debug|Any CPU.ActiveCfg = Debug|Any CPU
		{D69A2A1E-DAC4-456C-BF00-338F3BA25DF0}.Debug|Any CPU.Build.0 = Debug|Any CPU
		{D69A2A1E-DAC4-456C-BF00-338F3BA25DF0}.Release|Any CPU.ActiveCfg = Release|Any CPU
		{D69A2A1E-DAC4-456C-BF00-338F3BA25DF0}.Release|Any CPU.Build.0 = Release|Any CPU
		{3523FD98-C2F8-4852-ADFF-62CEE77223CF}.Debug|Any CPU.ActiveCfg = Debug|Any CPU
		{3523FD98-C2F8-4852-ADFF-62CEE77223CF}.Debug|Any CPU.Build.0 = Debug|Any CPU
		{3523FD98-C2F8-4852-ADFF-62CEE77223CF}.Release|Any CPU.ActiveCfg = Release|Any CPU
		{3523FD98-C2F8-4852-ADFF-62CEE77223CF}.Release|Any CPU.Build.0 = Release|Any CPU
		{05908A08-CF65-472F-B82F-F7BD8CC31B90}.Debug|Any CPU.ActiveCfg = Debug|Any CPU
		{05908A08-CF65-472F-B82F-F7BD8CC31B90}.Debug|Any CPU.Build.0 = Debug|Any CPU
		{05908A08-CF65-472F-B82F-F7BD8CC31B90}.Release|Any CPU.ActiveCfg = Release|Any CPU
		{05908A08-CF65-472F-B82F-F7BD8CC31B90}.Release|Any CPU.Build.0 = Release|Any CPU
		{3429010A-818C-4A3F-A7CA-D3CA3CCCF0BB}.Debug|Any CPU.ActiveCfg = Debug|Any CPU
		{3429010A-818C-4A3F-A7CA-D3CA3CCCF0BB}.Debug|Any CPU.Build.0 = Debug|Any CPU
		{3429010A-818C-4A3F-A7CA-D3CA3CCCF0BB}.Release|Any CPU.ActiveCfg = Release|Any CPU
		{3429010A-818C-4A3F-A7CA-D3CA3CCCF0BB}.Release|Any CPU.Build.0 = Release|Any CPU
		{EBEAC5A0-ED3E-409B-8273-1A3586B69AF7}.Debug|Any CPU.ActiveCfg = Debug|Any CPU
		{EBEAC5A0-ED3E-409B-8273-1A3586B69AF7}.Debug|Any CPU.Build.0 = Debug|Any CPU
		{EBEAC5A0-ED3E-409B-8273-1A3586B69AF7}.Release|Any CPU.ActiveCfg = Release|Any CPU
		{EBEAC5A0-ED3E-409B-8273-1A3586B69AF7}.Release|Any CPU.Build.0 = Release|Any CPU
		{7A8C77F1-9158-4F52-95DB-F4635BF67388}.Debug|Any CPU.ActiveCfg = Debug|Any CPU
		{7A8C77F1-9158-4F52-95DB-F4635BF67388}.Debug|Any CPU.Build.0 = Debug|Any CPU
		{7A8C77F1-9158-4F52-95DB-F4635BF67388}.Release|Any CPU.ActiveCfg = Release|Any CPU
		{7A8C77F1-9158-4F52-95DB-F4635BF67388}.Release|Any CPU.Build.0 = Release|Any CPU
		{3813CB67-86D6-4571-9A77-C835266770CC}.Debug|Any CPU.ActiveCfg = Debug|Any CPU
		{3813CB67-86D6-4571-9A77-C835266770CC}.Debug|Any CPU.Build.0 = Debug|Any CPU
		{3813CB67-86D6-4571-9A77-C835266770CC}.Release|Any CPU.ActiveCfg = Release|Any CPU
		{3813CB67-86D6-4571-9A77-C835266770CC}.Release|Any CPU.Build.0 = Release|Any CPU
		{6DF5391F-E58F-408D-8EFF-67F365EA1A3C}.Debug|Any CPU.ActiveCfg = Debug|Any CPU
		{6DF5391F-E58F-408D-8EFF-67F365EA1A3C}.Debug|Any CPU.Build.0 = Debug|Any CPU
		{6DF5391F-E58F-408D-8EFF-67F365EA1A3C}.Release|Any CPU.ActiveCfg = Release|Any CPU
		{6DF5391F-E58F-408D-8EFF-67F365EA1A3C}.Release|Any CPU.Build.0 = Release|Any CPU
		{58D1FD27-5004-4814-971E-412387F11AC5}.Debug|Any CPU.ActiveCfg = Debug|Any CPU
		{58D1FD27-5004-4814-971E-412387F11AC5}.Debug|Any CPU.Build.0 = Debug|Any CPU
		{58D1FD27-5004-4814-971E-412387F11AC5}.Release|Any CPU.ActiveCfg = Release|Any CPU
		{58D1FD27-5004-4814-971E-412387F11AC5}.Release|Any CPU.Build.0 = Release|Any CPU
		{10868F56-E7D8-4AE7-B848-A7CE79FC32D8}.Debug|Any CPU.ActiveCfg = Debug|Any CPU
		{10868F56-E7D8-4AE7-B848-A7CE79FC32D8}.Debug|Any CPU.Build.0 = Debug|Any CPU
		{10868F56-E7D8-4AE7-B848-A7CE79FC32D8}.Release|Any CPU.ActiveCfg = Release|Any CPU
		{10868F56-E7D8-4AE7-B848-A7CE79FC32D8}.Release|Any CPU.Build.0 = Release|Any CPU
		{6584C2F4-4463-4733-838C-C239FF7228A9}.Debug|Any CPU.ActiveCfg = Debug|Any CPU
		{6584C2F4-4463-4733-838C-C239FF7228A9}.Debug|Any CPU.Build.0 = Debug|Any CPU
		{6584C2F4-4463-4733-838C-C239FF7228A9}.Release|Any CPU.ActiveCfg = Release|Any CPU
		{6584C2F4-4463-4733-838C-C239FF7228A9}.Release|Any CPU.Build.0 = Release|Any CPU
		{DE39682D-13D8-49E4-9E8C-B9FC0C10C71C}.Debug|Any CPU.ActiveCfg = Debug|Any CPU
		{DE39682D-13D8-49E4-9E8C-B9FC0C10C71C}.Debug|Any CPU.Build.0 = Debug|Any CPU
		{DE39682D-13D8-49E4-9E8C-B9FC0C10C71C}.Release|Any CPU.ActiveCfg = Release|Any CPU
		{DE39682D-13D8-49E4-9E8C-B9FC0C10C71C}.Release|Any CPU.Build.0 = Release|Any CPU
		{0A98224B-B20D-46B3-A5E4-2BBDA769BDC8}.Debug|Any CPU.ActiveCfg = Debug|Any CPU
		{0A98224B-B20D-46B3-A5E4-2BBDA769BDC8}.Debug|Any CPU.Build.0 = Debug|Any CPU
		{0A98224B-B20D-46B3-A5E4-2BBDA769BDC8}.Release|Any CPU.ActiveCfg = Release|Any CPU
		{0A98224B-B20D-46B3-A5E4-2BBDA769BDC8}.Release|Any CPU.Build.0 = Release|Any CPU
		{E5B82F0A-5716-4282-A4ED-88E28744C99C}.Debug|Any CPU.ActiveCfg = Debug|Any CPU
		{E5B82F0A-5716-4282-A4ED-88E28744C99C}.Debug|Any CPU.Build.0 = Debug|Any CPU
		{E5B82F0A-5716-4282-A4ED-88E28744C99C}.Release|Any CPU.ActiveCfg = Release|Any CPU
		{E5B82F0A-5716-4282-A4ED-88E28744C99C}.Release|Any CPU.Build.0 = Release|Any CPU
		{23D7116F-43ED-478F-9FC6-BC2642D2762A}.Debug|Any CPU.ActiveCfg = Debug|Any CPU
		{23D7116F-43ED-478F-9FC6-BC2642D2762A}.Debug|Any CPU.Build.0 = Debug|Any CPU
		{23D7116F-43ED-478F-9FC6-BC2642D2762A}.Release|Any CPU.ActiveCfg = Release|Any CPU
		{23D7116F-43ED-478F-9FC6-BC2642D2762A}.Release|Any CPU.Build.0 = Release|Any CPU
	EndGlobalSection
	GlobalSection(SolutionProperties) = preSolution
		HideSolutionNode = FALSE
	EndGlobalSection
EndGlobal
