
Microsoft Visual Studio Solution File, Format Version 12.00
# Visual Studio 14
VisualStudioVersion = 14.0.25420.1
MinimumVisualStudioVersion = 10.0.40219.1
Project("{FAE04EC0-301F-11D3-BF4B-00C04F79EFBC}") = "CSharpLibrary", "CSharpLibrary\CSharpLibrary.csproj", "{39C10407-317C-4820-9BD9-163367411F79}"
EndProject
Project("{FAE04EC0-301F-11D3-BF4B-00C04F79EFBC}") = "BasicTypes", "BasicTypes\BasicTypes.csproj", "{5BE6F7C4-B133-4F18-AE71-3BAC2E234E0D}"
EndProject
Project("{FAE04EC0-301F-11D3-BF4B-00C04F79EFBC}") = "IntegerDemo", "IntegerDemo\IntegerDemo.csproj", "{22815A2E-5A3A-47D2-A48C-C0CF82E4B1DD}"
EndProject
Project("{FAE04EC0-301F-11D3-BF4B-00C04F79EFBC}") = "EnumDemo", "EnumDemo\EnumDemo.csproj", "{41D2E11B-1CAA-41D4-9E0B-FCCEEB1D2348}"
EndProject
Project("{FAE04EC0-301F-11D3-BF4B-00C04F79EFBC}") = "Classes", "Classes\Classes.csproj", "{F2189E84-7860-45A0-ACA0-2A49B80822EC}"
EndProject
Project("{FAE04EC0-301F-11D3-BF4B-00C04F79EFBC}") = "Classes_ConstructorDemo", "ConstructorDemo\Classes_ConstructorDemo.csproj", "{CCB966B6-9D12-4A66-B49A-4B404782856D}"
EndProject
Project("{FAE04EC0-301F-11D3-BF4B-00C04F79EFBC}") = "Classes_Constructors_Demo2", "Classes_Constructors_Demo2\Classes_Constructors_Demo2.csproj", "{DFA47345-3500-4DDF-B445-B242C5854C67}"
EndProject
Global
	GlobalSection(SolutionConfigurationPlatforms) = preSolution
		Debug|Any CPU = Debug|Any CPU
		Release|Any CPU = Release|Any CPU
	EndGlobalSection
	GlobalSection(ProjectConfigurationPlatforms) = postSolution
		{39C10407-317C-4820-9BD9-163367411F79}.Debug|Any CPU.ActiveCfg = Debug|Any CPU
		{39C10407-317C-4820-9BD9-163367411F79}.Debug|Any CPU.Build.0 = Debug|Any CPU
		{39C10407-317C-4820-9BD9-163367411F79}.Release|Any CPU.ActiveCfg = Release|Any CPU
		{39C10407-317C-4820-9BD9-163367411F79}.Release|Any CPU.Build.0 = Release|Any CPU
		{5BE6F7C4-B133-4F18-AE71-3BAC2E234E0D}.Debug|Any CPU.ActiveCfg = Debug|Any CPU
		{5BE6F7C4-B133-4F18-AE71-3BAC2E234E0D}.Debug|Any CPU.Build.0 = Debug|Any CPU
		{5BE6F7C4-B133-4F18-AE71-3BAC2E234E0D}.Release|Any CPU.ActiveCfg = Release|Any CPU
		{5BE6F7C4-B133-4F18-AE71-3BAC2E234E0D}.Release|Any CPU.Build.0 = Release|Any CPU
		{22815A2E-5A3A-47D2-A48C-C0CF82E4B1DD}.Debug|Any CPU.ActiveCfg = Debug|Any CPU
		{22815A2E-5A3A-47D2-A48C-C0CF82E4B1DD}.Debug|Any CPU.Build.0 = Debug|Any CPU
		{22815A2E-5A3A-47D2-A48C-C0CF82E4B1DD}.Release|Any CPU.ActiveCfg = Release|Any CPU
		{22815A2E-5A3A-47D2-A48C-C0CF82E4B1DD}.Release|Any CPU.Build.0 = Release|Any CPU
		{41D2E11B-1CAA-41D4-9E0B-FCCEEB1D2348}.Debug|Any CPU.ActiveCfg = Debug|Any CPU
		{41D2E11B-1CAA-41D4-9E0B-FCCEEB1D2348}.Debug|Any CPU.Build.0 = Debug|Any CPU
		{41D2E11B-1CAA-41D4-9E0B-FCCEEB1D2348}.Release|Any CPU.ActiveCfg = Release|Any CPU
		{41D2E11B-1CAA-41D4-9E0B-FCCEEB1D2348}.Release|Any CPU.Build.0 = Release|Any CPU
		{F2189E84-7860-45A0-ACA0-2A49B80822EC}.Debug|Any CPU.ActiveCfg = Debug|Any CPU
		{F2189E84-7860-45A0-ACA0-2A49B80822EC}.Debug|Any CPU.Build.0 = Debug|Any CPU
		{F2189E84-7860-45A0-ACA0-2A49B80822EC}.Release|Any CPU.ActiveCfg = Release|Any CPU
		{F2189E84-7860-45A0-ACA0-2A49B80822EC}.Release|Any CPU.Build.0 = Release|Any CPU
		{CCB966B6-9D12-4A66-B49A-4B404782856D}.Debug|Any CPU.ActiveCfg = Debug|Any CPU
		{CCB966B6-9D12-4A66-B49A-4B404782856D}.Debug|Any CPU.Build.0 = Debug|Any CPU
		{CCB966B6-9D12-4A66-B49A-4B404782856D}.Release|Any CPU.ActiveCfg = Release|Any CPU
		{CCB966B6-9D12-4A66-B49A-4B404782856D}.Release|Any CPU.Build.0 = Release|Any CPU
		{DFA47345-3500-4DDF-B445-B242C5854C67}.Debug|Any CPU.ActiveCfg = Debug|Any CPU
		{DFA47345-3500-4DDF-B445-B242C5854C67}.Debug|Any CPU.Build.0 = Debug|Any CPU
		{DFA47345-3500-4DDF-B445-B242C5854C67}.Release|Any CPU.ActiveCfg = Release|Any CPU
		{DFA47345-3500-4DDF-B445-B242C5854C67}.Release|Any CPU.Build.0 = Release|Any CPU
	EndGlobalSection
	GlobalSection(SolutionProperties) = preSolution
		HideSolutionNode = FALSE
	EndGlobalSection
EndGlobal
